// !$*UTF8*$!
{
	archiveVersion = 1;
	classes = {
	};
	objectVersion = 52;
	objects = {

/* Begin PBXBuildFile section */
		058557BB273AAA24004C7B11 /* Assets.xcassets in Resources */ = {isa = PBXBuildFile; fileRef = 058557BA273AAA24004C7B11 /* Assets.xcassets */; };
		110A4A09285DF513000C14D0 /* RouterView.swift in Sources */ = {isa = PBXBuildFile; fileRef = 110A4A08285DF513000C14D0 /* RouterView.swift */; };
		110A4A0B285DF529000C14D0 /* Route.swift in Sources */ = {isa = PBXBuildFile; fileRef = 110A4A0A285DF529000C14D0 /* Route.swift */; };
		110A4A0F285DF56E000C14D0 /* Router.swift in Sources */ = {isa = PBXBuildFile; fileRef = 110A4A0E285DF56E000C14D0 /* Router.swift */; };
		110A4A11285DF59D000C14D0 /* Presenter.swift in Sources */ = {isa = PBXBuildFile; fileRef = 110A4A10285DF59D000C14D0 /* Presenter.swift */; };
		110A4A13285DF5C0000C14D0 /* PresentationStyle.swift in Sources */ = {isa = PBXBuildFile; fileRef = 110A4A12285DF5C0000C14D0 /* PresentationStyle.swift */; };
		111967462862010100812879 /* UIViewController+Router.swift in Sources */ = {isa = PBXBuildFile; fileRef = 111967452862010100812879 /* UIViewController+Router.swift */; };
		113122BB2837CBBE00D33CE9 /* CartView.swift in Sources */ = {isa = PBXBuildFile; fileRef = 113122BA2837CBBE00D33CE9 /* CartView.swift */; };
		11346E3528131AB400EB57D9 /* Store.swift in Sources */ = {isa = PBXBuildFile; fileRef = 11346E3428131AB400EB57D9 /* Store.swift */; };
		113CB3632852741C0058227B /* CustomerView.swift in Sources */ = {isa = PBXBuildFile; fileRef = 113CB3622852741C0058227B /* CustomerView.swift */; };
		113CB36528527B480058227B /* LoginView.swift in Sources */ = {isa = PBXBuildFile; fileRef = 113CB36428527B480058227B /* LoginView.swift */; };
		115CA719285E5EE5008AF68B /* WishlistView.swift in Sources */ = {isa = PBXBuildFile; fileRef = 115CA718285E5EE5008AF68B /* WishlistView.swift */; };
		116AC1292858CAE8002DAC16 /* Introspect in Frameworks */ = {isa = PBXBuildFile; productRef = 116AC1282858CAE8002DAC16 /* Introspect */; };
		119D5A4B286A3D4D0030D3A8 /* FullScreenLoader.swift in Sources */ = {isa = PBXBuildFile; fileRef = 119D5A4A286A3D4D0030D3A8 /* FullScreenLoader.swift */; };
		119D5A4D286A406F0030D3A8 /* ProductLoader.swift in Sources */ = {isa = PBXBuildFile; fileRef = 119D5A4C286A406F0030D3A8 /* ProductLoader.swift */; };
		119D5A4F286A43640030D3A8 /* Order.swift in Sources */ = {isa = PBXBuildFile; fileRef = 119D5A4E286A43640030D3A8 /* Order.swift */; };
		119D5A51286B28420030D3A8 /* WideButton.swift in Sources */ = {isa = PBXBuildFile; fileRef = 119D5A50286B28420030D3A8 /* WideButton.swift */; };
		119D5A53286B34D80030D3A8 /* CheckmarkImage.swift in Sources */ = {isa = PBXBuildFile; fileRef = 119D5A52286B34D80030D3A8 /* CheckmarkImage.swift */; };
		119D5A55286B39470030D3A8 /* EmptyView.swift in Sources */ = {isa = PBXBuildFile; fileRef = 119D5A54286B39470030D3A8 /* EmptyView.swift */; };
		119D5A58286B8C8F0030D3A8 /* Font.swift in Sources */ = {isa = PBXBuildFile; fileRef = 119D5A57286B8C8F0030D3A8 /* Font.swift */; };
		11B55873285908B3000C2959 /* SignupView.swift in Sources */ = {isa = PBXBuildFile; fileRef = 11B55872285908B3000C2959 /* SignupView.swift */; };
		11B55875285913F8000C2959 /* Alert.swift in Sources */ = {isa = PBXBuildFile; fileRef = 11B55874285913F8000C2959 /* Alert.swift */; };
		11B558772859153D000C2959 /* InputTextField.swift in Sources */ = {isa = PBXBuildFile; fileRef = 11B558762859153D000C2959 /* InputTextField.swift */; };
		11C01D43285A496100BBA025 /* AccountView.swift in Sources */ = {isa = PBXBuildFile; fileRef = 11C01D42285A496100BBA025 /* AccountView.swift */; };
		11D68549284D38F500FA82F3 /* AsyncImage.swift in Sources */ = {isa = PBXBuildFile; fileRef = 11D68548284D38F500FA82F3 /* AsyncImage.swift */; };
		11D9953E284E58B80061F13D /* ProductImage.swift in Sources */ = {isa = PBXBuildFile; fileRef = 11D9953D284E58B80061F13D /* ProductImage.swift */; };
		11D99540284E5FC70061F13D /* ActionButton.swift in Sources */ = {isa = PBXBuildFile; fileRef = 11D9953F284E5FC70061F13D /* ActionButton.swift */; };
		11DDBE90285BA6F6008D94DE /* AddressListView.swift in Sources */ = {isa = PBXBuildFile; fileRef = 11DDBE8F285BA6F6008D94DE /* AddressListView.swift */; };
		11DDBE92285BB14E008D94DE /* CreateAddressView.swift in Sources */ = {isa = PBXBuildFile; fileRef = 11DDBE91285BB14E008D94DE /* CreateAddressView.swift */; };
		11DDBE94285BB4F7008D94DE /* EditAddressView.swift in Sources */ = {isa = PBXBuildFile; fileRef = 11DDBE93285BB4F7008D94DE /* EditAddressView.swift */; };
		11DDDA24281429B90098389D /* Identifiable.swift in Sources */ = {isa = PBXBuildFile; fileRef = 11DDDA23281429B90098389D /* Identifiable.swift */; };
		11DDDA2628142E050098389D /* Color.swift in Sources */ = {isa = PBXBuildFile; fileRef = 11DDDA2528142E050098389D /* Color.swift */; };
		11DDDA28281440030098389D /* Price.swift in Sources */ = {isa = PBXBuildFile; fileRef = 11DDDA27281440030098389D /* Price.swift */; };
		11EDDEED2864F6B20033E2B6 /* CheckoutView.swift in Sources */ = {isa = PBXBuildFile; fileRef = 11EDDEEC2864F6B20033E2B6 /* CheckoutView.swift */; };
		11EDDEEF286885480033E2B6 /* OrderListView.swift in Sources */ = {isa = PBXBuildFile; fileRef = 11EDDEEE286885480033E2B6 /* OrderListView.swift */; };
		11EDDEF128688CFA0033E2B6 /* OrderDetailView.swift in Sources */ = {isa = PBXBuildFile; fileRef = 11EDDEF028688CFA0033E2B6 /* OrderDetailView.swift */; };
		11F82062284A95F8001B8595 /* PullToRefresh.swift in Sources */ = {isa = PBXBuildFile; fileRef = 11F82061284A95F8001B8595 /* PullToRefresh.swift */; };
		11F82064284BF3FF001B8595 /* ProductDetailView.swift in Sources */ = {isa = PBXBuildFile; fileRef = 11F82063284BF3FF001B8595 /* ProductDetailView.swift */; };
		11F95256285367EA001172A1 /* TextFieldOnAction.swift in Sources */ = {isa = PBXBuildFile; fileRef = 11F95255285367EA001172A1 /* TextFieldOnAction.swift */; };
		2152FB042600AC8F00CF470E /* iOSApp.swift in Sources */ = {isa = PBXBuildFile; fileRef = 2152FB032600AC8F00CF470E /* iOSApp.swift */; };
		7555FF83242A565900829871 /* CatalogView.swift in Sources */ = {isa = PBXBuildFile; fileRef = 7555FF82242A565900829871 /* CatalogView.swift */; };
/* End PBXBuildFile section */

/* Begin PBXCopyFilesBuildPhase section */
		7555FFB4242A642300829871 /* Embed Frameworks */ = {
			isa = PBXCopyFilesBuildPhase;
			buildActionMask = 2147483647;
			dstPath = "";
			dstSubfolderSpec = 10;
			files = (
			);
			name = "Embed Frameworks";
			runOnlyForDeploymentPostprocessing = 0;
		};
/* End PBXCopyFilesBuildPhase section */

/* Begin PBXFileReference section */
		058557BA273AAA24004C7B11 /* Assets.xcassets */ = {isa = PBXFileReference; lastKnownFileType = folder.assetcatalog; path = Assets.xcassets; sourceTree = "<group>"; };
		110A4A08285DF513000C14D0 /* RouterView.swift */ = {isa = PBXFileReference; lastKnownFileType = sourcecode.swift; path = RouterView.swift; sourceTree = "<group>"; };
		110A4A0A285DF529000C14D0 /* Route.swift */ = {isa = PBXFileReference; lastKnownFileType = sourcecode.swift; path = Route.swift; sourceTree = "<group>"; };
		110A4A0E285DF56E000C14D0 /* Router.swift */ = {isa = PBXFileReference; lastKnownFileType = sourcecode.swift; path = Router.swift; sourceTree = "<group>"; };
		110A4A10285DF59D000C14D0 /* Presenter.swift */ = {isa = PBXFileReference; lastKnownFileType = sourcecode.swift; path = Presenter.swift; sourceTree = "<group>"; };
		110A4A12285DF5C0000C14D0 /* PresentationStyle.swift */ = {isa = PBXFileReference; lastKnownFileType = sourcecode.swift; path = PresentationStyle.swift; sourceTree = "<group>"; };
		111967452862010100812879 /* UIViewController+Router.swift */ = {isa = PBXFileReference; lastKnownFileType = sourcecode.swift; path = "UIViewController+Router.swift"; sourceTree = "<group>"; };
		113122BA2837CBBE00D33CE9 /* CartView.swift */ = {isa = PBXFileReference; lastKnownFileType = sourcecode.swift; path = CartView.swift; sourceTree = "<group>"; };
		11346E3428131AB400EB57D9 /* Store.swift */ = {isa = PBXFileReference; lastKnownFileType = sourcecode.swift; path = Store.swift; sourceTree = "<group>"; };
		113CB3622852741C0058227B /* CustomerView.swift */ = {isa = PBXFileReference; lastKnownFileType = sourcecode.swift; path = CustomerView.swift; sourceTree = "<group>"; };
		113CB36428527B480058227B /* LoginView.swift */ = {isa = PBXFileReference; lastKnownFileType = sourcecode.swift; path = LoginView.swift; sourceTree = "<group>"; };
		115CA718285E5EE5008AF68B /* WishlistView.swift */ = {isa = PBXFileReference; lastKnownFileType = sourcecode.swift; path = WishlistView.swift; sourceTree = "<group>"; };
		119D5A4A286A3D4D0030D3A8 /* FullScreenLoader.swift */ = {isa = PBXFileReference; lastKnownFileType = sourcecode.swift; path = FullScreenLoader.swift; sourceTree = "<group>"; };
		119D5A4C286A406F0030D3A8 /* ProductLoader.swift */ = {isa = PBXFileReference; lastKnownFileType = sourcecode.swift; path = ProductLoader.swift; sourceTree = "<group>"; };
		119D5A4E286A43640030D3A8 /* Order.swift */ = {isa = PBXFileReference; lastKnownFileType = sourcecode.swift; path = Order.swift; sourceTree = "<group>"; };
		119D5A50286B28420030D3A8 /* WideButton.swift */ = {isa = PBXFileReference; lastKnownFileType = sourcecode.swift; path = WideButton.swift; sourceTree = "<group>"; };
		119D5A52286B34D80030D3A8 /* CheckmarkImage.swift */ = {isa = PBXFileReference; lastKnownFileType = sourcecode.swift; path = CheckmarkImage.swift; sourceTree = "<group>"; };
		119D5A54286B39470030D3A8 /* EmptyView.swift */ = {isa = PBXFileReference; lastKnownFileType = sourcecode.swift; path = EmptyView.swift; sourceTree = "<group>"; };
		119D5A57286B8C8F0030D3A8 /* Font.swift */ = {isa = PBXFileReference; lastKnownFileType = sourcecode.swift; path = Font.swift; sourceTree = "<group>"; };
		11B55872285908B3000C2959 /* SignupView.swift */ = {isa = PBXFileReference; lastKnownFileType = sourcecode.swift; path = SignupView.swift; sourceTree = "<group>"; };
		11B55874285913F8000C2959 /* Alert.swift */ = {isa = PBXFileReference; lastKnownFileType = sourcecode.swift; path = Alert.swift; sourceTree = "<group>"; };
		11B558762859153D000C2959 /* InputTextField.swift */ = {isa = PBXFileReference; lastKnownFileType = sourcecode.swift; path = InputTextField.swift; sourceTree = "<group>"; };
		11C01D42285A496100BBA025 /* AccountView.swift */ = {isa = PBXFileReference; lastKnownFileType = sourcecode.swift; path = AccountView.swift; sourceTree = "<group>"; };
		11D68548284D38F500FA82F3 /* AsyncImage.swift */ = {isa = PBXFileReference; lastKnownFileType = sourcecode.swift; path = AsyncImage.swift; sourceTree = "<group>"; };
		11D9953D284E58B80061F13D /* ProductImage.swift */ = {isa = PBXFileReference; lastKnownFileType = sourcecode.swift; path = ProductImage.swift; sourceTree = "<group>"; };
		11D9953F284E5FC70061F13D /* ActionButton.swift */ = {isa = PBXFileReference; lastKnownFileType = sourcecode.swift; path = ActionButton.swift; sourceTree = "<group>"; };
		11DDBE8F285BA6F6008D94DE /* AddressListView.swift */ = {isa = PBXFileReference; lastKnownFileType = sourcecode.swift; path = AddressListView.swift; sourceTree = "<group>"; };
		11DDBE91285BB14E008D94DE /* CreateAddressView.swift */ = {isa = PBXFileReference; lastKnownFileType = sourcecode.swift; path = CreateAddressView.swift; sourceTree = "<group>"; };
		11DDBE93285BB4F7008D94DE /* EditAddressView.swift */ = {isa = PBXFileReference; lastKnownFileType = sourcecode.swift; path = EditAddressView.swift; sourceTree = "<group>"; };
		11DDDA23281429B90098389D /* Identifiable.swift */ = {isa = PBXFileReference; lastKnownFileType = sourcecode.swift; path = Identifiable.swift; sourceTree = "<group>"; };
		11DDDA2528142E050098389D /* Color.swift */ = {isa = PBXFileReference; lastKnownFileType = sourcecode.swift; path = Color.swift; sourceTree = "<group>"; };
		11DDDA27281440030098389D /* Price.swift */ = {isa = PBXFileReference; lastKnownFileType = sourcecode.swift; path = Price.swift; sourceTree = "<group>"; };
		11EDDEEC2864F6B20033E2B6 /* CheckoutView.swift */ = {isa = PBXFileReference; lastKnownFileType = sourcecode.swift; path = CheckoutView.swift; sourceTree = "<group>"; };
		11EDDEEE286885480033E2B6 /* OrderListView.swift */ = {isa = PBXFileReference; lastKnownFileType = sourcecode.swift; path = OrderListView.swift; sourceTree = "<group>"; };
		11EDDEF028688CFA0033E2B6 /* OrderDetailView.swift */ = {isa = PBXFileReference; lastKnownFileType = sourcecode.swift; path = OrderDetailView.swift; sourceTree = "<group>"; };
		11F82061284A95F8001B8595 /* PullToRefresh.swift */ = {isa = PBXFileReference; lastKnownFileType = sourcecode.swift; path = PullToRefresh.swift; sourceTree = "<group>"; };
		11F82063284BF3FF001B8595 /* ProductDetailView.swift */ = {isa = PBXFileReference; lastKnownFileType = sourcecode.swift; path = ProductDetailView.swift; sourceTree = "<group>"; };
		11F95255285367EA001172A1 /* TextFieldOnAction.swift */ = {isa = PBXFileReference; lastKnownFileType = sourcecode.swift; path = TextFieldOnAction.swift; sourceTree = "<group>"; };
		2152FB032600AC8F00CF470E /* iOSApp.swift */ = {isa = PBXFileReference; lastKnownFileType = sourcecode.swift; path = iOSApp.swift; sourceTree = "<group>"; };
		7555FF7B242A565900829871 /* ios.app */ = {isa = PBXFileReference; explicitFileType = wrapper.application; includeInIndex = 0; path = ios.app; sourceTree = BUILT_PRODUCTS_DIR; };
		7555FF82242A565900829871 /* CatalogView.swift */ = {isa = PBXFileReference; lastKnownFileType = sourcecode.swift; path = CatalogView.swift; sourceTree = "<group>"; };
		7555FF8C242A565B00829871 /* Info.plist */ = {isa = PBXFileReference; lastKnownFileType = text.plist.xml; path = Info.plist; sourceTree = "<group>"; };
/* End PBXFileReference section */

/* Begin PBXFrameworksBuildPhase section */
		7555FF78242A565900829871 /* Frameworks */ = {
			isa = PBXFrameworksBuildPhase;
			buildActionMask = 2147483647;
			files = (
				116AC1292858CAE8002DAC16 /* Introspect in Frameworks */,
			);
			runOnlyForDeploymentPostprocessing = 0;
		};
/* End PBXFrameworksBuildPhase section */

/* Begin PBXGroup section */
		110A4A07285DF4FF000C14D0 /* Router */ = {
			isa = PBXGroup;
			children = (
				110A4A08285DF513000C14D0 /* RouterView.swift */,
				110A4A0A285DF529000C14D0 /* Route.swift */,
				110A4A0E285DF56E000C14D0 /* Router.swift */,
				110A4A10285DF59D000C14D0 /* Presenter.swift */,
				110A4A12285DF5C0000C14D0 /* PresentationStyle.swift */,
				111967452862010100812879 /* UIViewController+Router.swift */,
			);
			path = Router;
			sourceTree = "<group>";
		};
		1119674728623F2700812879 /* Cart */ = {
			isa = PBXGroup;
			children = (
				113122BA2837CBBE00D33CE9 /* CartView.swift */,
				11EDDEEC2864F6B20033E2B6 /* CheckoutView.swift */,
			);
			path = Cart;
			sourceTree = "<group>";
		};
		111967482862407400812879 /* Catalog */ = {
			isa = PBXGroup;
			children = (
				7555FF82242A565900829871 /* CatalogView.swift */,
				11F82063284BF3FF001B8595 /* ProductDetailView.swift */,
			);
			path = Catalog;
			sourceTree = "<group>";
		};
		1119674B28625DCE00812879 /* Wishlist */ = {
			isa = PBXGroup;
			children = (
				115CA718285E5EE5008AF68B /* WishlistView.swift */,
			);
			path = Wishlist;
			sourceTree = "<group>";
		};
		113CB3612852740A0058227B /* Customer */ = {
			isa = PBXGroup;
			children = (
				113CB3622852741C0058227B /* CustomerView.swift */,
				113CB36428527B480058227B /* LoginView.swift */,
				11B55872285908B3000C2959 /* SignupView.swift */,
				11C01D42285A496100BBA025 /* AccountView.swift */,
				11DDBE8F285BA6F6008D94DE /* AddressListView.swift */,
				11DDBE91285BB14E008D94DE /* CreateAddressView.swift */,
				11DDBE93285BB4F7008D94DE /* EditAddressView.swift */,
				11EDDEEE286885480033E2B6 /* OrderListView.swift */,
				11EDDEF028688CFA0033E2B6 /* OrderDetailView.swift */,
			);
			path = Customer;
			sourceTree = "<group>";
		};
		119D5A56286B416E0030D3A8 /* Resources */ = {
			isa = PBXGroup;
			children = (
				058557BA273AAA24004C7B11 /* Assets.xcassets */,
				7555FF8C242A565B00829871 /* Info.plist */,
			);
			path = Resources;
			sourceTree = "<group>";
		};
		11D68547284D38E500FA82F3 /* View */ = {
			isa = PBXGroup;
			children = (
				11D9953D284E58B80061F13D /* ProductImage.swift */,
				11D9953F284E5FC70061F13D /* ActionButton.swift */,
				11B558762859153D000C2959 /* InputTextField.swift */,
				11F95255285367EA001172A1 /* TextFieldOnAction.swift */,
				11D68548284D38F500FA82F3 /* AsyncImage.swift */,
				11B55874285913F8000C2959 /* Alert.swift */,
				119D5A4A286A3D4D0030D3A8 /* FullScreenLoader.swift */,
				119D5A4C286A406F0030D3A8 /* ProductLoader.swift */,
				119D5A50286B28420030D3A8 /* WideButton.swift */,
				119D5A52286B34D80030D3A8 /* CheckmarkImage.swift */,
				119D5A54286B39470030D3A8 /* EmptyView.swift */,
			);
			path = View;
			sourceTree = "<group>";
		};
		11DDDA22281429A80098389D /* Extensions */ = {
			isa = PBXGroup;
			children = (
				11F82061284A95F8001B8595 /* PullToRefresh.swift */,
				11346E3428131AB400EB57D9 /* Store.swift */,
				11DDDA23281429B90098389D /* Identifiable.swift */,
				11DDDA2528142E050098389D /* Color.swift */,
				11DDDA27281440030098389D /* Price.swift */,
				119D5A4E286A43640030D3A8 /* Order.swift */,
				119D5A57286B8C8F0030D3A8 /* Font.swift */,
			);
			path = Extensions;
			sourceTree = "<group>";
		};
		7555FF72242A565900829871 = {
			isa = PBXGroup;
			children = (
				7555FF7D242A565900829871 /* ios */,
				7555FF7C242A565900829871 /* Products */,
				7555FFB0242A642200829871 /* Frameworks */,
			);
			sourceTree = "<group>";
		};
		7555FF7C242A565900829871 /* Products */ = {
			isa = PBXGroup;
			children = (
				7555FF7B242A565900829871 /* ios.app */,
			);
			name = Products;
			sourceTree = "<group>";
		};
		7555FF7D242A565900829871 /* ios */ = {
			isa = PBXGroup;
			children = (
				2152FB032600AC8F00CF470E /* iOSApp.swift */,
				111967482862407400812879 /* Catalog */,
				1119674728623F2700812879 /* Cart */,
				1119674B28625DCE00812879 /* Wishlist */,
				113CB3612852740A0058227B /* Customer */,
				110A4A07285DF4FF000C14D0 /* Router */,
				11D68547284D38E500FA82F3 /* View */,
				11DDDA22281429A80098389D /* Extensions */,
				119D5A56286B416E0030D3A8 /* Resources */,
			);
			path = ios;
			sourceTree = "<group>";
		};
		7555FFB0242A642200829871 /* Frameworks */ = {
			isa = PBXGroup;
			children = (
			);
			name = Frameworks;
			sourceTree = "<group>";
		};
/* End PBXGroup section */

/* Begin PBXNativeTarget section */
		7555FF7A242A565900829871 /* ios */ = {
			isa = PBXNativeTarget;
			buildConfigurationList = 7555FFA5242A565B00829871 /* Build configuration list for PBXNativeTarget "ios" */;
			buildPhases = (
				7555FFB5242A651A00829871 /* ShellScript */,
				7555FF77242A565900829871 /* Sources */,
				7555FF78242A565900829871 /* Frameworks */,
				7555FF79242A565900829871 /* Resources */,
				7555FFB4242A642300829871 /* Embed Frameworks */,
			);
			buildRules = (
			);
			dependencies = (
			);
			name = ios;
			packageProductDependencies = (
				116AC1282858CAE8002DAC16 /* Introspect */,
			);
			productName = ios;
			productReference = 7555FF7B242A565900829871 /* ios.app */;
			productType = "com.apple.product-type.application";
		};
/* End PBXNativeTarget section */

/* Begin PBXProject section */
		7555FF73242A565900829871 /* Project object */ = {
			isa = PBXProject;
			attributes = {
				LastSwiftUpdateCheck = 1130;
				LastUpgradeCheck = 1130;
				ORGANIZATIONNAME = orgName;
				TargetAttributes = {
					7555FF7A242A565900829871 = {
						CreatedOnToolsVersion = 11.3.1;
					};
				};
			};
			buildConfigurationList = 7555FF76242A565900829871 /* Build configuration list for PBXProject "ios" */;
			compatibilityVersion = "Xcode 9.3";
			developmentRegion = en;
			hasScannedForEncodings = 0;
			knownRegions = (
				en,
				Base,
			);
			mainGroup = 7555FF72242A565900829871;
			packageReferences = (
				116AC1272858CAE8002DAC16 /* XCRemoteSwiftPackageReference "SwiftUI-Introspect" */,
			);
			productRefGroup = 7555FF7C242A565900829871 /* Products */;
			projectDirPath = "";
			projectRoot = "";
			targets = (
				7555FF7A242A565900829871 /* ios */,
			);
		};
/* End PBXProject section */

/* Begin PBXResourcesBuildPhase section */
		7555FF79242A565900829871 /* Resources */ = {
			isa = PBXResourcesBuildPhase;
			buildActionMask = 2147483647;
			files = (
				058557BB273AAA24004C7B11 /* Assets.xcassets in Resources */,
			);
			runOnlyForDeploymentPostprocessing = 0;
		};
/* End PBXResourcesBuildPhase section */

/* Begin PBXShellScriptBuildPhase section */
		7555FFB5242A651A00829871 /* ShellScript */ = {
			isa = PBXShellScriptBuildPhase;
			buildActionMask = 2147483647;
			files = (
			);
			inputFileListPaths = (
			);
			inputPaths = (
			);
			outputFileListPaths = (
			);
			outputPaths = (
			);
			runOnlyForDeploymentPostprocessing = 0;
			shellPath = /bin/sh;
			shellScript = "cd \"$SRCROOT/..\"\n./gradlew :core:embedAndSignAppleFrameworkForXcode\n";
		};
/* End PBXShellScriptBuildPhase section */

/* Begin PBXSourcesBuildPhase section */
		7555FF77242A565900829871 /* Sources */ = {
			isa = PBXSourcesBuildPhase;
			buildActionMask = 2147483647;
			files = (
				11D68549284D38F500FA82F3 /* AsyncImage.swift in Sources */,
				11EDDEED2864F6B20033E2B6 /* CheckoutView.swift in Sources */,
				11D9953E284E58B80061F13D /* ProductImage.swift in Sources */,
				11346E3528131AB400EB57D9 /* Store.swift in Sources */,
				11B55875285913F8000C2959 /* Alert.swift in Sources */,
				113122BB2837CBBE00D33CE9 /* CartView.swift in Sources */,
				11DDBE90285BA6F6008D94DE /* AddressListView.swift in Sources */,
				11F95256285367EA001172A1 /* TextFieldOnAction.swift in Sources */,
				11EDDEF128688CFA0033E2B6 /* OrderDetailView.swift in Sources */,
				11DDBE94285BB4F7008D94DE /* EditAddressView.swift in Sources */,
				11F82064284BF3FF001B8595 /* ProductDetailView.swift in Sources */,
				110A4A11285DF59D000C14D0 /* Presenter.swift in Sources */,
				11DDDA24281429B90098389D /* Identifiable.swift in Sources */,
				113CB3632852741C0058227B /* CustomerView.swift in Sources */,
				11F82062284A95F8001B8595 /* PullToRefresh.swift in Sources */,
				110A4A0F285DF56E000C14D0 /* Router.swift in Sources */,
				113CB36528527B480058227B /* LoginView.swift in Sources */,
				2152FB042600AC8F00CF470E /* iOSApp.swift in Sources */,
				119D5A4B286A3D4D0030D3A8 /* FullScreenLoader.swift in Sources */,
				11DDBE92285BB14E008D94DE /* CreateAddressView.swift in Sources */,
				119D5A58286B8C8F0030D3A8 /* Font.swift in Sources */,
				115CA719285E5EE5008AF68B /* WishlistView.swift in Sources */,
				111967462862010100812879 /* UIViewController+Router.swift in Sources */,
				11EDDEEF286885480033E2B6 /* OrderListView.swift in Sources */,
				119D5A51286B28420030D3A8 /* WideButton.swift in Sources */,
				119D5A55286B39470030D3A8 /* EmptyView.swift in Sources */,
				11DDDA2628142E050098389D /* Color.swift in Sources */,
				119D5A53286B34D80030D3A8 /* CheckmarkImage.swift in Sources */,
				11C01D43285A496100BBA025 /* AccountView.swift in Sources */,
				110A4A13285DF5C0000C14D0 /* PresentationStyle.swift in Sources */,
				11B55873285908B3000C2959 /* SignupView.swift in Sources */,
				7555FF83242A565900829871 /* CatalogView.swift in Sources */,
				11B558772859153D000C2959 /* InputTextField.swift in Sources */,
				119D5A4F286A43640030D3A8 /* Order.swift in Sources */,
				11DDDA28281440030098389D /* Price.swift in Sources */,
				119D5A4D286A406F0030D3A8 /* ProductLoader.swift in Sources */,
				110A4A0B285DF529000C14D0 /* Route.swift in Sources */,
				110A4A09285DF513000C14D0 /* RouterView.swift in Sources */,
				11D99540284E5FC70061F13D /* ActionButton.swift in Sources */,
			);
			runOnlyForDeploymentPostprocessing = 0;
		};
/* End PBXSourcesBuildPhase section */

/* Begin XCBuildConfiguration section */
		7555FFA3242A565B00829871 /* Debug */ = {
			isa = XCBuildConfiguration;
			buildSettings = {
				ALWAYS_SEARCH_USER_PATHS = NO;
				CLANG_ANALYZER_NONNULL = YES;
				CLANG_ANALYZER_NUMBER_OBJECT_CONVERSION = YES_AGGRESSIVE;
				CLANG_CXX_LANGUAGE_STANDARD = "gnu++14";
				CLANG_CXX_LIBRARY = "libc++";
				CLANG_ENABLE_MODULES = YES;
				CLANG_ENABLE_OBJC_ARC = YES;
				CLANG_ENABLE_OBJC_WEAK = YES;
				CLANG_WARN_BLOCK_CAPTURE_AUTORELEASING = YES;
				CLANG_WARN_BOOL_CONVERSION = YES;
				CLANG_WARN_COMMA = YES;
				CLANG_WARN_CONSTANT_CONVERSION = YES;
				CLANG_WARN_DEPRECATED_OBJC_IMPLEMENTATIONS = YES;
				CLANG_WARN_DIRECT_OBJC_ISA_USAGE = YES_ERROR;
				CLANG_WARN_DOCUMENTATION_COMMENTS = YES;
				CLANG_WARN_EMPTY_BODY = YES;
				CLANG_WARN_ENUM_CONVERSION = YES;
				CLANG_WARN_INFINITE_RECURSION = YES;
				CLANG_WARN_INT_CONVERSION = YES;
				CLANG_WARN_NON_LITERAL_NULL_CONVERSION = YES;
				CLANG_WARN_OBJC_IMPLICIT_RETAIN_SELF = YES;
				CLANG_WARN_OBJC_LITERAL_CONVERSION = YES;
				CLANG_WARN_OBJC_ROOT_CLASS = YES_ERROR;
				CLANG_WARN_QUOTED_INCLUDE_IN_FRAMEWORK_HEADER = YES;
				CLANG_WARN_RANGE_LOOP_ANALYSIS = YES;
				CLANG_WARN_STRICT_PROTOTYPES = YES;
				CLANG_WARN_SUSPICIOUS_MOVE = YES;
				CLANG_WARN_UNGUARDED_AVAILABILITY = YES_AGGRESSIVE;
				CLANG_WARN_UNREACHABLE_CODE = YES;
				CLANG_WARN__DUPLICATE_METHOD_MATCH = YES;
				COPY_PHASE_STRIP = NO;
				DEBUG_INFORMATION_FORMAT = "dwarf-with-dsym";
				ENABLE_STRICT_OBJC_MSGSEND = YES;
				ENABLE_TESTABILITY = YES;
				GCC_C_LANGUAGE_STANDARD = gnu11;
				GCC_DYNAMIC_NO_PIC = NO;
				GCC_NO_COMMON_BLOCKS = YES;
				GCC_OPTIMIZATION_LEVEL = 0;
				GCC_PREPROCESSOR_DEFINITIONS = (
					"DEBUG=1",
					"$(inherited)",
				);
				GCC_WARN_64_TO_32_BIT_CONVERSION = YES;
				GCC_WARN_ABOUT_RETURN_TYPE = YES_ERROR;
				GCC_WARN_UNDECLARED_SELECTOR = YES;
				GCC_WARN_UNINITIALIZED_AUTOS = YES_AGGRESSIVE;
				GCC_WARN_UNUSED_FUNCTION = YES;
				GCC_WARN_UNUSED_VARIABLE = YES;
				IPHONEOS_DEPLOYMENT_TARGET = 14.1;
				MTL_ENABLE_DEBUG_INFO = INCLUDE_SOURCE;
				MTL_FAST_MATH = YES;
				ONLY_ACTIVE_ARCH = YES;
				SDKROOT = iphoneos;
				SWIFT_ACTIVE_COMPILATION_CONDITIONS = DEBUG;
				SWIFT_OPTIMIZATION_LEVEL = "-Onone";
			};
			name = Debug;
		};
		7555FFA4242A565B00829871 /* Release */ = {
			isa = XCBuildConfiguration;
			buildSettings = {
				ALWAYS_SEARCH_USER_PATHS = NO;
				CLANG_ANALYZER_NONNULL = YES;
				CLANG_ANALYZER_NUMBER_OBJECT_CONVERSION = YES_AGGRESSIVE;
				CLANG_CXX_LANGUAGE_STANDARD = "gnu++14";
				CLANG_CXX_LIBRARY = "libc++";
				CLANG_ENABLE_MODULES = YES;
				CLANG_ENABLE_OBJC_ARC = YES;
				CLANG_ENABLE_OBJC_WEAK = YES;
				CLANG_WARN_BLOCK_CAPTURE_AUTORELEASING = YES;
				CLANG_WARN_BOOL_CONVERSION = YES;
				CLANG_WARN_COMMA = YES;
				CLANG_WARN_CONSTANT_CONVERSION = YES;
				CLANG_WARN_DEPRECATED_OBJC_IMPLEMENTATIONS = YES;
				CLANG_WARN_DIRECT_OBJC_ISA_USAGE = YES_ERROR;
				CLANG_WARN_DOCUMENTATION_COMMENTS = YES;
				CLANG_WARN_EMPTY_BODY = YES;
				CLANG_WARN_ENUM_CONVERSION = YES;
				CLANG_WARN_INFINITE_RECURSION = YES;
				CLANG_WARN_INT_CONVERSION = YES;
				CLANG_WARN_NON_LITERAL_NULL_CONVERSION = YES;
				CLANG_WARN_OBJC_IMPLICIT_RETAIN_SELF = YES;
				CLANG_WARN_OBJC_LITERAL_CONVERSION = YES;
				CLANG_WARN_OBJC_ROOT_CLASS = YES_ERROR;
				CLANG_WARN_QUOTED_INCLUDE_IN_FRAMEWORK_HEADER = YES;
				CLANG_WARN_RANGE_LOOP_ANALYSIS = YES;
				CLANG_WARN_STRICT_PROTOTYPES = YES;
				CLANG_WARN_SUSPICIOUS_MOVE = YES;
				CLANG_WARN_UNGUARDED_AVAILABILITY = YES_AGGRESSIVE;
				CLANG_WARN_UNREACHABLE_CODE = YES;
				CLANG_WARN__DUPLICATE_METHOD_MATCH = YES;
				COPY_PHASE_STRIP = NO;
				DEBUG_INFORMATION_FORMAT = "dwarf-with-dsym";
				ENABLE_NS_ASSERTIONS = NO;
				ENABLE_STRICT_OBJC_MSGSEND = YES;
				GCC_C_LANGUAGE_STANDARD = gnu11;
				GCC_NO_COMMON_BLOCKS = YES;
				GCC_WARN_64_TO_32_BIT_CONVERSION = YES;
				GCC_WARN_ABOUT_RETURN_TYPE = YES_ERROR;
				GCC_WARN_UNDECLARED_SELECTOR = YES;
				GCC_WARN_UNINITIALIZED_AUTOS = YES_AGGRESSIVE;
				GCC_WARN_UNUSED_FUNCTION = YES;
				GCC_WARN_UNUSED_VARIABLE = YES;
				IPHONEOS_DEPLOYMENT_TARGET = 14.1;
				MTL_ENABLE_DEBUG_INFO = NO;
				MTL_FAST_MATH = YES;
				SDKROOT = iphoneos;
				SWIFT_COMPILATION_MODE = wholemodule;
				SWIFT_OPTIMIZATION_LEVEL = "-O";
				VALIDATE_PRODUCT = YES;
			};
			name = Release;
		};
		7555FFA6242A565B00829871 /* Debug */ = {
			isa = XCBuildConfiguration;
			buildSettings = {
				ASSETCATALOG_COMPILER_APPICON_NAME = AppIcon;
				CODE_SIGN_STYLE = Automatic;
				DEVELOPMENT_TEAM = T4MMUHPJLB;
				ENABLE_PREVIEWS = YES;
				FRAMEWORK_SEARCH_PATHS = "$(SRCROOT)/../core/build/xcode-frameworks/$(CONFIGURATION)/$(SDK_NAME)";
				INFOPLIST_FILE = ios/Resources/Info.plist;
				IPHONEOS_DEPLOYMENT_TARGET = 15.0;
				LD_RUNPATH_SEARCH_PATHS = (
					"$(inherited)",
					"@executable_path/Frameworks",
				);
				OTHER_LDFLAGS = (
					"$(inherited)",
					"-framework",
					core,
				);
				PRODUCT_BUNDLE_IDENTIFIER = com.mygento.coffeeshop;
				PRODUCT_NAME = "$(TARGET_NAME)";
				SWIFT_VERSION = 5.0;
				TARGETED_DEVICE_FAMILY = "1,2";
			};
			name = Debug;
		};
		7555FFA7242A565B00829871 /* Release */ = {
			isa = XCBuildConfiguration;
			buildSettings = {
				ASSETCATALOG_COMPILER_APPICON_NAME = AppIcon;
				CODE_SIGN_STYLE = Automatic;
				DEVELOPMENT_TEAM = T4MMUHPJLB;
				ENABLE_PREVIEWS = YES;
				FRAMEWORK_SEARCH_PATHS = "$(SRCROOT)/../core/build/xcode-frameworks/$(CONFIGURATION)/$(SDK_NAME)";
				INFOPLIST_FILE = ios/Resources/Info.plist;
				IPHONEOS_DEPLOYMENT_TARGET = 15.0;
				LD_RUNPATH_SEARCH_PATHS = (
					"$(inherited)",
					"@executable_path/Frameworks",
				);
				OTHER_LDFLAGS = (
					"$(inherited)",
					"-framework",
					core,
				);
				PRODUCT_BUNDLE_IDENTIFIER = com.mygento.coffeeshop;
				PRODUCT_NAME = "$(TARGET_NAME)";
				SWIFT_VERSION = 5.0;
				TARGETED_DEVICE_FAMILY = "1,2";
			};
			name = Release;
		};
/* End XCBuildConfiguration section */

/* Begin XCConfigurationList section */
		7555FF76242A565900829871 /* Build configuration list for PBXProject "ios" */ = {
			isa = XCConfigurationList;
			buildConfigurations = (
				7555FFA3242A565B00829871 /* Debug */,
				7555FFA4242A565B00829871 /* Release */,
			);
			defaultConfigurationIsVisible = 0;
			defaultConfigurationName = Release;
		};
		7555FFA5242A565B00829871 /* Build configuration list for PBXNativeTarget "ios" */ = {
			isa = XCConfigurationList;
			buildConfigurations = (
				7555FFA6242A565B00829871 /* Debug */,
				7555FFA7242A565B00829871 /* Release */,
			);
			defaultConfigurationIsVisible = 0;
			defaultConfigurationName = Release;
		};
/* End XCConfigurationList section */

/* Begin XCRemoteSwiftPackageReference section */
		116AC1272858CAE8002DAC16 /* XCRemoteSwiftPackageReference "SwiftUI-Introspect" */ = {
			isa = XCRemoteSwiftPackageReference;
			repositoryURL = "https://github.com/siteline/SwiftUI-Introspect";
			requirement = {
				kind = upToNextMajorVersion;
				minimumVersion = 0.1.4;
			};
		};
/* End XCRemoteSwiftPackageReference section */

/* Begin XCSwiftPackageProductDependency section */
		116AC1282858CAE8002DAC16 /* Introspect */ = {
			isa = XCSwiftPackageProductDependency;
			package = 116AC1272858CAE8002DAC16 /* XCRemoteSwiftPackageReference "SwiftUI-Introspect" */;
			productName = Introspect;
		};
/* End XCSwiftPackageProductDependency section */
	};
	rootObject = 7555FF73242A565900829871 /* Project object */;
}
